
Microsoft Visual Studio Solution File, Format Version 12.00
# Visual Studio Version 17
VisualStudioVersion = 17.0.31903.59
MinimumVisualStudioVersion = 10.0.40219.1
Project("{2150E333-8FDC-42A3-9474-1A3956D46DE8}") = "src", "src", "{02EA681E-C7D8-13C7-8484-4AC65E1B71E8}"
EndProject
Project("{2150E333-8FDC-42A3-9474-1A3956D46DE8}") = "test", "test", "{069D2C81-3DBE-4D7B-8A0E-5DCB3B963559}"
EndProject
Project("{FAE04EC0-301F-11D3-BF4B-00C04F79EFBC}") = "Yape.Http.Client.Test", "test\Yape.HttpClient.Test\Yape.Http.Client.Test.csproj", "{725F713E-78A7-4F28-9A28-63FBE6B1602C}"
EndProject
Project("{FAE04EC0-301F-11D3-BF4B-00C04F79EFBC}") = "Yape.Http.Client", "src\Yape.Http.Client\Yape.Http.Client.csproj", "{88AB74B6-69AA-4675-B7BC-3F678F0520B1}"
EndProject
Project("{FAE04EC0-301F-11D3-BF4B-00C04F79EFBC}") = "Mock.WebApi", "test\Mock.WebApi\Mock.WebApi.csproj", "{83704FB3-55C1-4643-BF60-355FB7019FE1}"
EndProject
Global
	GlobalSection(SolutionConfigurationPlatforms) = preSolution
		Debug|Any CPU = Debug|Any CPU
		Release|Any CPU = Release|Any CPU
	EndGlobalSection
	GlobalSection(ProjectConfigurationPlatforms) = postSolution
		{725F713E-78A7-4F28-9A28-63FBE6B1602C}.Debug|Any CPU.ActiveCfg = Debug|Any CPU
		{725F713E-78A7-4F28-9A28-63FBE6B1602C}.Debug|Any CPU.Build.0 = Debug|Any CPU
		{725F713E-78A7-4F28-9A28-63FBE6B1602C}.Release|Any CPU.ActiveCfg = Release|Any CPU
		{725F713E-78A7-4F28-9A28-63FBE6B1602C}.Release|Any CPU.Build.0 = Release|Any CPU
		{88AB74B6-69AA-4675-B7BC-3F678F0520B1}.Debug|Any CPU.ActiveCfg = Debug|Any CPU
		{88AB74B6-69AA-4675-B7BC-3F678F0520B1}.Debug|Any CPU.Build.0 = Debug|Any CPU
		{88AB74B6-69AA-4675-B7BC-3F678F0520B1}.Release|Any CPU.ActiveCfg = Release|Any CPU
		{88AB74B6-69AA-4675-B7BC-3F678F0520B1}.Release|Any CPU.Build.0 = Release|Any CPU
		{83704FB3-55C1-4643-BF60-355FB7019FE1}.Debug|Any CPU.ActiveCfg = Debug|Any CPU
		{83704FB3-55C1-4643-BF60-355FB7019FE1}.Debug|Any CPU.Build.0 = Debug|Any CPU
		{83704FB3-55C1-4643-BF60-355FB7019FE1}.Release|Any CPU.ActiveCfg = Release|Any CPU
		{83704FB3-55C1-4643-BF60-355FB7019FE1}.Release|Any CPU.Build.0 = Release|Any CPU
	EndGlobalSection
	GlobalSection(SolutionProperties) = preSolution
		HideSolutionNode = FALSE
	EndGlobalSection
	GlobalSection(NestedProjects) = preSolution
		{725F713E-78A7-4F28-9A28-63FBE6B1602C} = {069D2C81-3DBE-4D7B-8A0E-5DCB3B963559}
		{88AB74B6-69AA-4675-B7BC-3F678F0520B1} = {02EA681E-C7D8-13C7-8484-4AC65E1B71E8}
		{83704FB3-55C1-4643-BF60-355FB7019FE1} = {069D2C81-3DBE-4D7B-8A0E-5DCB3B963559}
	EndGlobalSection
	GlobalSection(ExtensibilityGlobals) = postSolution
		SolutionGuid = {6B95B2EF-E015-41C5-9821-13A84AA82893}
	EndGlobalSection
EndGlobal
